// !$*UTF8*$!
{
	archiveVersion = 1;
	classes = {
	};
	objectVersion = 50;
	objects = {

/* Begin PBXBuildFile section */
		7471AC9824A2542E00A16C82 /* AddToDoViewController.swift in Sources */ = {isa = PBXBuildFile; fileRef = 7471AC9724A2542E00A16C82 /* AddToDoViewController.swift */; };
		7471ACBD24A26D7800A16C82 /* CompleteToDoViewController.swift in Sources */ = {isa = PBXBuildFile; fileRef = 7471ACBC24A26D7800A16C82 /* CompleteToDoViewController.swift */; };
		74EA1CD924A1111D000E00EC /* AppDelegate.swift in Sources */ = {isa = PBXBuildFile; fileRef = 74EA1CD824A1111D000E00EC /* AppDelegate.swift */; };
		74EA1CDB24A1111D000E00EC /* SceneDelegate.swift in Sources */ = {isa = PBXBuildFile; fileRef = 74EA1CDA24A1111D000E00EC /* SceneDelegate.swift */; };
		74EA1CDD24A1111D000E00EC /* ViewController.swift in Sources */ = {isa = PBXBuildFile; fileRef = 74EA1CDC24A1111D000E00EC /* ViewController.swift */; };
		74EA1CE024A1111D000E00EC /* Main.storyboard in Resources */ = {isa = PBXBuildFile; fileRef = 74EA1CDE24A1111D000E00EC /* Main.storyboard */; };
		74EA1CE324A1111D000E00EC /* ToDoList.xcdatamodeld in Sources */ = {isa = PBXBuildFile; fileRef = 74EA1CE124A1111D000E00EC /* ToDoList.xcdatamodeld */; };
		74EA1CE524A11123000E00EC /* Assets.xcassets in Resources */ = {isa = PBXBuildFile; fileRef = 74EA1CE424A11123000E00EC /* Assets.xcassets */; };
		74EA1CE824A11123000E00EC /* LaunchScreen.storyboard in Resources */ = {isa = PBXBuildFile; fileRef = 74EA1CE624A11123000E00EC /* LaunchScreen.storyboard */; };
		74EA1CF024A11415000E00EC /* ToDoTableViewController.swift in Sources */ = {isa = PBXBuildFile; fileRef = 74EA1CEF24A11415000E00EC /* ToDoTableViewController.swift */; };
		74EA1CF424A114F9000E00EC /* ToDo.swift in Sources */ = {isa = PBXBuildFile; fileRef = 74EA1CF324A114F9000E00EC /* ToDo.swift */; };
/* End PBXBuildFile section */

/* Begin PBXFileReference section */
		7471AC9724A2542E00A16C82 /* AddToDoViewController.swift */ = {isa = PBXFileReference; lastKnownFileType = sourcecode.swift; path = AddToDoViewController.swift; sourceTree = "<group>"; };
		7471ACBC24A26D7800A16C82 /* CompleteToDoViewController.swift */ = {isa = PBXFileReference; lastKnownFileType = sourcecode.swift; path = CompleteToDoViewController.swift; sourceTree = "<group>"; };
		74EA1CD524A1111D000E00EC /* ToDoList.app */ = {isa = PBXFileReference; explicitFileType = wrapper.application; includeInIndex = 0; path = ToDoList.app; sourceTree = BUILT_PRODUCTS_DIR; };
		74EA1CD824A1111D000E00EC /* AppDelegate.swift */ = {isa = PBXFileReference; lastKnownFileType = sourcecode.swift; path = AppDelegate.swift; sourceTree = "<group>"; };
		74EA1CDA24A1111D000E00EC /* SceneDelegate.swift */ = {isa = PBXFileReference; lastKnownFileType = sourcecode.swift; path = SceneDelegate.swift; sourceTree = "<group>"; };
		74EA1CDC24A1111D000E00EC /* ViewController.swift */ = {isa = PBXFileReference; lastKnownFileType = sourcecode.swift; path = ViewController.swift; sourceTree = "<group>"; };
		74EA1CDF24A1111D000E00EC /* Base */ = {isa = PBXFileReference; lastKnownFileType = file.storyboard; name = Base; path = Base.lproj/Main.storyboard; sourceTree = "<group>"; };
		74EA1CE224A1111D000E00EC /* ToDoList.xcdatamodel */ = {isa = PBXFileReference; lastKnownFileType = wrapper.xcdatamodel; path = ToDoList.xcdatamodel; sourceTree = "<group>"; };
		74EA1CE424A11123000E00EC /* Assets.xcassets */ = {isa = PBXFileReference; lastKnownFileType = folder.assetcatalog; path = Assets.xcassets; sourceTree = "<group>"; };
		74EA1CE724A11123000E00EC /* Base */ = {isa = PBXFileReference; lastKnownFileType = file.storyboard; name = Base; path = Base.lproj/LaunchScreen.storyboard; sourceTree = "<group>"; };
		74EA1CE924A11123000E00EC /* Info.plist */ = {isa = PBXFileReference; lastKnownFileType = text.plist.xml; path = Info.plist; sourceTree = "<group>"; };
		74EA1CEF24A11415000E00EC /* ToDoTableViewController.swift */ = {isa = PBXFileReference; lastKnownFileType = sourcecode.swift; path = ToDoTableViewController.swift; sourceTree = "<group>"; };
		74EA1CF324A114F9000E00EC /* ToDo.swift */ = {isa = PBXFileReference; lastKnownFileType = sourcecode.swift; path = ToDo.swift; sourceTree = "<group>"; };
/* End PBXFileReference section */

/* Begin PBXFrameworksBuildPhase section */
		74EA1CD224A1111D000E00EC /* Frameworks */ = {
			isa = PBXFrameworksBuildPhase;
			buildActionMask = 2147483647;
			files = (
			);
			runOnlyForDeploymentPostprocessing = 0;
		};
/* End PBXFrameworksBuildPhase section */

/* Begin PBXGroup section */
		74EA1CCC24A1111D000E00EC = {
			isa = PBXGroup;
			children = (
				74EA1CF324A114F9000E00EC /* ToDo.swift */,
				74EA1CD724A1111D000E00EC /* ToDoList */,
				74EA1CD624A1111D000E00EC /* Products */,
			);
			sourceTree = "<group>";
		};
		74EA1CD624A1111D000E00EC /* Products */ = {
			isa = PBXGroup;
			children = (
				74EA1CD524A1111D000E00EC /* ToDoList.app */,
			);
			name = Products;
			sourceTree = "<group>";
		};
		74EA1CD724A1111D000E00EC /* ToDoList */ = {
			isa = PBXGroup;
			children = (
				74EA1CD824A1111D000E00EC /* AppDelegate.swift */,
				74EA1CDA24A1111D000E00EC /* SceneDelegate.swift */,
				74EA1CDC24A1111D000E00EC /* ViewController.swift */,
				74EA1CDE24A1111D000E00EC /* Main.storyboard */,
				7471AC9724A2542E00A16C82 /* AddToDoViewController.swift */,
				7471ACBC24A26D7800A16C82 /* CompleteToDoViewController.swift */,
				74EA1CEF24A11415000E00EC /* ToDoTableViewController.swift */,
				74EA1CE424A11123000E00EC /* Assets.xcassets */,
				74EA1CE624A11123000E00EC /* LaunchScreen.storyboard */,
				74EA1CE924A11123000E00EC /* Info.plist */,
				74EA1CE124A1111D000E00EC /* ToDoList.xcdatamodeld */,
			);
			path = ToDoList;
			sourceTree = "<group>";
		};
/* End PBXGroup section */

/* Begin PBXNativeTarget section */
		74EA1CD424A1111D000E00EC /* ToDoList */ = {
			isa = PBXNativeTarget;
			buildConfigurationList = 74EA1CEC24A11123000E00EC /* Build configuration list for PBXNativeTarget "ToDoList" */;
			buildPhases = (
				74EA1CD124A1111D000E00EC /* Sources */,
				74EA1CD224A1111D000E00EC /* Frameworks */,
				74EA1CD324A1111D000E00EC /* Resources */,
			);
			buildRules = (
			);
			dependencies = (
			);
			name = ToDoList;
			productName = ToDoList;
			productReference = 74EA1CD524A1111D000E00EC /* ToDoList.app */;
			productType = "com.apple.product-type.application";
		};
/* End PBXNativeTarget section */

/* Begin PBXProject section */
		74EA1CCD24A1111D000E00EC /* Project object */ = {
			isa = PBXProject;
			attributes = {
				LastSwiftUpdateCheck = 1150;
				LastUpgradeCheck = 1150;
				ORGANIZATIONNAME = "Esme Aguilar";
				TargetAttributes = {
					74EA1CD424A1111D000E00EC = {
						CreatedOnToolsVersion = 11.5;
					};
				};
			};
			buildConfigurationList = 74EA1CD024A1111D000E00EC /* Build configuration list for PBXProject "ToDoList" */;
			compatibilityVersion = "Xcode 9.3";
			developmentRegion = en;
			hasScannedForEncodings = 0;
			knownRegions = (
				en,
				Base,
			);
			mainGroup = 74EA1CCC24A1111D000E00EC;
			productRefGroup = 74EA1CD624A1111D000E00EC /* Products */;
			projectDirPath = "";
			projectRoot = "";
			targets = (
				74EA1CD424A1111D000E00EC /* ToDoList */,
			);
		};
/* End PBXProject section */

/* Begin PBXResourcesBuildPhase section */
		74EA1CD324A1111D000E00EC /* Resources */ = {
			isa = PBXResourcesBuildPhase;
			buildActionMask = 2147483647;
			files = (
				74EA1CE824A11123000E00EC /* LaunchScreen.storyboard in Resources */,
				74EA1CE524A11123000E00EC /* Assets.xcassets in Resources */,
				74EA1CE024A1111D000E00EC /* Main.storyboard in Resources */,
			);
			runOnlyForDeploymentPostprocessing = 0;
		};
/* End PBXResourcesBuildPhase section */

/* Begin PBXSourcesBuildPhase section */
		74EA1CD124A1111D000E00EC /* Sources */ = {
			isa = PBXSourcesBuildPhase;
			buildActionMask = 2147483647;
			files = (
				74EA1CDD24A1111D000E00EC /* ViewController.swift in Sources */,
				74EA1CD924A1111D000E00EC /* AppDelegate.swift in Sources */,
				7471ACBD24A26D7800A16C82 /* CompleteToDoViewController.swift in Sources */,
				74EA1CDB24A1111D000E00EC /* SceneDelegate.swift in Sources */,
				74EA1CF424A114F9000E00EC /* ToDo.swift in Sources */,
				7471AC9824A2542E00A16C82 /* AddToDoViewController.swift in Sources */,
				74EA1CE324A1111D000E00EC /* ToDoList.xcdatamodeld in Sources */,
				74EA1CF024A11415000E00EC /* ToDoTableViewController.swift in Sources */,
			);
			runOnlyForDeploymentPostprocessing = 0;
		};
/* End PBXSourcesBuildPhase section */

/* Begin PBXVariantGroup section */
		74EA1CDE24A1111D000E00EC /* Main.storyboard */ = {
			isa = PBXVariantGroup;
			children = (
				74EA1CDF24A1111D000E00EC /* Base */,
			);
			name = Main.storyboard;
			sourceTree = "<group>";
		};
		74EA1CE624A11123000E00EC /* LaunchScreen.storyboard */ = {
			isa = PBXVariantGroup;
			children = (
				74EA1CE724A11123000E00EC /* Base */,
			);
			name = LaunchScreen.storyboard;
			sourceTree = "<group>";
		};
/* End PBXVariantGroup section */

/* Begin XCBuildConfiguration section */
		74EA1CEA24A11123000E00EC /* Debug */ = {
			isa = XCBuildConfiguration;
			buildSettings = {
				ALWAYS_SEARCH_USER_PATHS = NO;
				CLANG_ANALYZER_NONNULL = YES;
				CLANG_ANALYZER_NUMBER_OBJECT_CONVERSION = YES_AGGRESSIVE;
				CLANG_CXX_LANGUAGE_STANDARD = "gnu++14";
				CLANG_CXX_LIBRARY = "libc++";
				CLANG_ENABLE_MODULES = YES;
				CLANG_ENABLE_OBJC_ARC = YES;
				CLANG_ENABLE_OBJC_WEAK = YES;
				CLANG_WARN_BLOCK_CAPTURE_AUTORELEASING = YES;
				CLANG_WARN_BOOL_CONVERSION = YES;
				CLANG_WARN_COMMA = YES;
				CLANG_WARN_CONSTANT_CONVERSION = YES;
				CLANG_WARN_DEPRECATED_OBJC_IMPLEMENTATIONS = YES;
				CLANG_WARN_DIRECT_OBJC_ISA_USAGE = YES_ERROR;
				CLANG_WARN_DOCUMENTATION_COMMENTS = YES;
				CLANG_WARN_EMPTY_BODY = YES;
				CLANG_WARN_ENUM_CONVERSION = YES;
				CLANG_WARN_INFINITE_RECURSION = YES;
				CLANG_WARN_INT_CONVERSION = YES;
				CLANG_WARN_NON_LITERAL_NULL_CONVERSION = YES;
				CLANG_WARN_OBJC_IMPLICIT_RETAIN_SELF = YES;
				CLANG_WARN_OBJC_LITERAL_CONVERSION = YES;
				CLANG_WARN_OBJC_ROOT_CLASS = YES_ERROR;
				CLANG_WARN_RANGE_LOOP_ANALYSIS = YES;
				CLANG_WARN_STRICT_PROTOTYPES = YES;
				CLANG_WARN_SUSPICIOUS_MOVE = YES;
				CLANG_WARN_UNGUARDED_AVAILABILITY = YES_AGGRESSIVE;
				CLANG_WARN_UNREACHABLE_CODE = YES;
				CLANG_WARN__DUPLICATE_METHOD_MATCH = YES;
				COPY_PHASE_STRIP = NO;
				DEBUG_INFORMATION_FORMAT = dwarf;
				ENABLE_STRICT_OBJC_MSGSEND = YES;
				ENABLE_TESTABILITY = YES;
				GCC_C_LANGUAGE_STANDARD = gnu11;
				GCC_DYNAMIC_NO_PIC = NO;
				GCC_NO_COMMON_BLOCKS = YES;
				GCC_OPTIMIZATION_LEVEL = 0;
				GCC_PREPROCESSOR_DEFINITIONS = (
					"DEBUG=1",
					"$(inherited)",
				);
				GCC_WARN_64_TO_32_BIT_CONVERSION = YES;
				GCC_WARN_ABOUT_RETURN_TYPE = YES_ERROR;
				GCC_WARN_UNDECLARED_SELECTOR = YES;
				GCC_WARN_UNINITIALIZED_AUTOS = YES_AGGRESSIVE;
				GCC_WARN_UNUSED_FUNCTION = YES;
				GCC_WARN_UNUSED_VARIABLE = YES;
				IPHONEOS_DEPLOYMENT_TARGET = 13.5;
				MTL_ENABLE_DEBUG_INFO = INCLUDE_SOURCE;
				MTL_FAST_MATH = YES;
				ONLY_ACTIVE_ARCH = YES;
				SDKROOT = iphoneos;
				SWIFT_ACTIVE_COMPILATION_CONDITIONS = DEBUG;
				SWIFT_OPTIMIZATION_LEVEL = "-Onone";
			};
			name = Debug;
		};
		74EA1CEB24A11123000E00EC /* Release */ = {
			isa = XCBuildConfiguration;
			buildSettings = {
				ALWAYS_SEARCH_USER_PATHS = NO;
				CLANG_ANALYZER_NONNULL = YES;
				CLANG_ANALYZER_NUMBER_OBJECT_CONVERSION = YES_AGGRESSIVE;
				CLANG_CXX_LANGUAGE_STANDARD = "gnu++14";
				CLANG_CXX_LIBRARY = "libc++";
				CLANG_ENABLE_MODULES = YES;
				CLANG_ENABLE_OBJC_ARC = YES;
				CLANG_ENABLE_OBJC_WEAK = YES;
				CLANG_WARN_BLOCK_CAPTURE_AUTORELEASING = YES;
				CLANG_WARN_BOOL_CONVERSION = YES;
				CLANG_WARN_COMMA = YES;
				CLANG_WARN_CONSTANT_CONVERSION = YES;
				CLANG_WARN_DEPRECATED_OBJC_IMPLEMENTATIONS = YES;
				CLANG_WARN_DIRECT_OBJC_ISA_USAGE = YES_ERROR;
				CLANG_WARN_DOCUMENTATION_COMMENTS = YES;
				CLANG_WARN_EMPTY_BODY = YES;
				CLANG_WARN_ENUM_CONVERSION = YES;
				CLANG_WARN_INFINITE_RECURSION = YES;
				CLANG_WARN_INT_CONVERSION = YES;
				CLANG_WARN_NON_LITERAL_NULL_CONVERSION = YES;
				CLANG_WARN_OBJC_IMPLICIT_RETAIN_SELF = YES;
				CLANG_WARN_OBJC_LITERAL_CONVERSION = YES;
				CLANG_WARN_OBJC_ROOT_CLASS = YES_ERROR;
				CLANG_WARN_RANGE_LOOP_ANALYSIS = YES;
				CLANG_WARN_STRICT_PROTOTYPES = YES;
				CLANG_WARN_SUSPICIOUS_MOVE = YES;
				CLANG_WARN_UNGUARDED_AVAILABILITY = YES_AGGRESSIVE;
				CLANG_WARN_UNREACHABLE_CODE = YES;
				CLANG_WARN__DUPLICATE_METHOD_MATCH = YES;
				COPY_PHASE_STRIP = NO;
				DEBUG_INFORMATION_FORMAT = "dwarf-with-dsym";
				ENABLE_NS_ASSERTIONS = NO;
				ENABLE_STRICT_OBJC_MSGSEND = YES;
				GCC_C_LANGUAGE_STANDARD = gnu11;
				GCC_NO_COMMON_BLOCKS = YES;
				GCC_WARN_64_TO_32_BIT_CONVERSION = YES;
				GCC_WARN_ABOUT_RETURN_TYPE = YES_ERROR;
				GCC_WARN_UNDECLARED_SELECTOR = YES;
				GCC_WARN_UNINITIALIZED_AUTOS = YES_AGGRESSIVE;
				GCC_WARN_UNUSED_FUNCTION = YES;
				GCC_WARN_UNUSED_VARIABLE = YES;
				IPHONEOS_DEPLOYMENT_TARGET = 13.5;
				MTL_ENABLE_DEBUG_INFO = NO;
				MTL_FAST_MATH = YES;
				SDKROOT = iphoneos;
				SWIFT_COMPILATION_MODE = wholemodule;
				SWIFT_OPTIMIZATION_LEVEL = "-O";
				VALIDATE_PRODUCT = YES;
			};
			name = Release;
		};
		74EA1CED24A11123000E00EC /* Debug */ = {
			isa = XCBuildConfiguration;
			buildSettings = {
				ASSETCATALOG_COMPILER_APPICON_NAME = AppIcon;
				CODE_SIGN_STYLE = Automatic;
				INFOPLIST_FILE = ToDoList/Info.plist;
				LD_RUNPATH_SEARCH_PATHS = (
					"$(inherited)",
					"@executable_path/Frameworks",
				);
				PRODUCT_BUNDLE_IDENTIFIER = "KWK-2020.ToDoList";
				PRODUCT_NAME = "$(TARGET_NAME)";
				SWIFT_VERSION = 5.0;
				TARGETED_DEVICE_FAMILY = "1,2";
			};
			name = Debug;
		};
		74EA1CEE24A11123000E00EC /* Release */ = {
			isa = XCBuildConfiguration;
			buildSettings = {
				ASSETCATALOG_COMPILER_APPICON_NAME = AppIcon;
				CODE_SIGN_STYLE = Automatic;
				INFOPLIST_FILE = ToDoList/Info.plist;
				LD_RUNPATH_SEARCH_PATHS = (
					"$(inherited)",
					"@executable_path/Frameworks",
				);
				PRODUCT_BUNDLE_IDENTIFIER = "KWK-2020.ToDoList";
				PRODUCT_NAME = "$(TARGET_NAME)";
				SWIFT_VERSION = 5.0;
				TARGETED_DEVICE_FAMILY = "1,2";
			};
			name = Release;
		};
/* End XCBuildConfiguration section */

/* Begin XCConfigurationList section */
		74EA1CD024A1111D000E00EC /* Build configuration list for PBXProject "ToDoList" */ = {
			isa = XCConfigurationList;
			buildConfigurations = (
				74EA1CEA24A11123000E00EC /* Debug */,
				74EA1CEB24A11123000E00EC /* Release */,
			);
			defaultConfigurationIsVisible = 0;
			defaultConfigurationName = Release;
		};
		74EA1CEC24A11123000E00EC /* Build configuration list for PBXNativeTarget "ToDoList" */ = {
			isa = XCConfigurationList;
			buildConfigurations = (
				74EA1CED24A11123000E00EC /* Debug */,
				74EA1CEE24A11123000E00EC /* Release */,
			);
			defaultConfigurationIsVisible = 0;
			defaultConfigurationName = Release;
		};
/* End XCConfigurationList section */

/* Begin XCVersionGroup section */
		74EA1CE124A1111D000E00EC /* ToDoList.xcdatamodeld */ = {
			isa = XCVersionGroup;
			children = (
				74EA1CE224A1111D000E00EC /* ToDoList.xcdatamodel */,
			);
			currentVersion = 74EA1CE224A1111D000E00EC /* ToDoList.xcdatamodel */;
			path = ToDoList.xcdatamodeld;
			sourceTree = "<group>";
			versionGroupType = wrapper.xcdatamodel;
		};
/* End XCVersionGroup section */
	};
	rootObject = 74EA1CCD24A1111D000E00EC /* Project object */;
}
